
Microsoft Visual Studio Solution File, Format Version 12.00
# Visual Studio Version 16
VisualStudioVersion = 16.0.30114.105
MinimumVisualStudioVersion = 10.0.40219.1
Project("{9A19103F-16F7-4668-BE54-9A1E7A4F7556}") = "Avalentini.Shakesmon.Api", "Avalentini.Shakesmon.Api\Avalentini.Shakesmon.Api.csproj", "{529B3CEA-5C56-4595-BE22-D3E8374CEAB0}"
EndProject
Project("{9A19103F-16F7-4668-BE54-9A1E7A4F7556}") = "Avalentini.Shakesmon.Core", "Avalentini.Shakesmon.Core\Avalentini.Shakesmon.Core.csproj", "{AB201916-0801-4AD8-B6C5-6BBACD035A4A}"
EndProject
Project("{2150E333-8FDC-42A3-9474-1A3956D46DE8}") = "Solution Items", "Solution Items", "{58054C64-4F9D-4F59-94F9-FCC5DDBFB38D}"
	ProjectSection(SolutionItems) = preProject
		..\README.md = ..\README.md
	EndProjectSection
EndProject
Project("{2150E333-8FDC-42A3-9474-1A3956D46DE8}") = "Tests", "Tests", "{2B1A2C00-0B2B-451C-816C-F914FE843154}"
EndProject
Project("{FAE04EC0-301F-11D3-BF4B-00C04F79EFBC}") = "Avalentini.Shakesmon.Core.UnitTests", "Avalentini.Shakesmon.Core.UnitTests\Avalentini.Shakesmon.Core.UnitTests.csproj", "{1EA5D09E-58F8-4E8C-9D4D-0BDBD50E8FB2}"
EndProject
Global
	GlobalSection(SolutionConfigurationPlatforms) = preSolution
		Debug|Any CPU = Debug|Any CPU
		Release|Any CPU = Release|Any CPU
	EndGlobalSection
	GlobalSection(ProjectConfigurationPlatforms) = postSolution
		{529B3CEA-5C56-4595-BE22-D3E8374CEAB0}.Debug|Any CPU.ActiveCfg = Debug|Any CPU
		{529B3CEA-5C56-4595-BE22-D3E8374CEAB0}.Debug|Any CPU.Build.0 = Debug|Any CPU
		{529B3CEA-5C56-4595-BE22-D3E8374CEAB0}.Release|Any CPU.ActiveCfg = Release|Any CPU
		{529B3CEA-5C56-4595-BE22-D3E8374CEAB0}.Release|Any CPU.Build.0 = Release|Any CPU
		{AB201916-0801-4AD8-B6C5-6BBACD035A4A}.Debug|Any CPU.ActiveCfg = Debug|Any CPU
		{AB201916-0801-4AD8-B6C5-6BBACD035A4A}.Debug|Any CPU.Build.0 = Debug|Any CPU
		{AB201916-0801-4AD8-B6C5-6BBACD035A4A}.Release|Any CPU.ActiveCfg = Release|Any CPU
		{AB201916-0801-4AD8-B6C5-6BBACD035A4A}.Release|Any CPU.Build.0 = Release|Any CPU
		{1EA5D09E-58F8-4E8C-9D4D-0BDBD50E8FB2}.Debug|Any CPU.ActiveCfg = Debug|Any CPU
		{1EA5D09E-58F8-4E8C-9D4D-0BDBD50E8FB2}.Debug|Any CPU.Build.0 = Debug|Any CPU
		{1EA5D09E-58F8-4E8C-9D4D-0BDBD50E8FB2}.Release|Any CPU.ActiveCfg = Release|Any CPU
		{1EA5D09E-58F8-4E8C-9D4D-0BDBD50E8FB2}.Release|Any CPU.Build.0 = Release|Any CPU
	EndGlobalSection
	GlobalSection(SolutionProperties) = preSolution
		HideSolutionNode = FALSE
	EndGlobalSection
	GlobalSection(NestedProjects) = preSolution
		{1EA5D09E-58F8-4E8C-9D4D-0BDBD50E8FB2} = {2B1A2C00-0B2B-451C-816C-F914FE843154}
	EndGlobalSection
	GlobalSection(ExtensibilityGlobals) = postSolution
		SolutionGuid = {02A60680-DB70-4166-BE44-D8A2463DEA65}
	EndGlobalSection
EndGlobal
